
Microsoft Visual Studio Solution File, Format Version 12.00
# Visual Studio 15
VisualStudioVersion = 15.0.27428.2002
MinimumVisualStudioVersion = 10.0.40219.1
Project("{FAE04EC0-301F-11D3-BF4B-00C04F79EFBC}") = "ConsoleApp6", "ConsoleApp6\ConsoleApp6.csproj", "{7E287556-8707-4D9C-B313-0E8293545D1F}"
EndProject
Global
	GlobalSection(SolutionConfigurationPlatforms) = preSolution
		Debug|Any CPU = Debug|Any CPU
		Release|Any CPU = Release|Any CPU
	EndGlobalSection
	GlobalSection(ProjectConfigurationPlatforms) = postSolution
		{7E287556-8707-4D9C-B313-0E8293545D1F}.Debug|Any CPU.ActiveCfg = Debug|Any CPU
		{7E287556-8707-4D9C-B313-0E8293545D1F}.Debug|Any CPU.Build.0 = Debug|Any CPU
		{7E287556-8707-4D9C-B313-0E8293545D1F}.Release|Any CPU.ActiveCfg = Release|Any CPU
		{7E287556-8707-4D9C-B313-0E8293545D1F}.Release|Any CPU.Build.0 = Release|Any CPU
	EndGlobalSection
	GlobalSection(SolutionProperties) = preSolution
		HideSolutionNode = FALSE
	EndGlobalSection
	GlobalSection(ExtensibilityGlobals) = postSolution
		SolutionGuid = {480935EB-CA54-4C7D-84C9-2B031EE497EE}
	EndGlobalSection
EndGlobal
